// !$*UTF8*$!
{
	archiveVersion = 1;
	classes = {
	};
	objectVersion = 46;
	objects = {

/* Begin PBXBuildFile section */
		936ACB011E1D21E600D858FE /* main.m in Sources */ = {isa = PBXBuildFile; fileRef = 936ACB001E1D21E600D858FE /* main.m */; };
		936ACB041E1D21E600D858FE /* AppDelegate.m in Sources */ = {isa = PBXBuildFile; fileRef = 936ACB031E1D21E600D858FE /* AppDelegate.m */; };
		936ACB071E1D21E600D858FE /* ViewController.m in Sources */ = {isa = PBXBuildFile; fileRef = 936ACB061E1D21E600D858FE /* ViewController.m */; };
		936ACB0A1E1D21E600D858FE /* Main.storyboard in Resources */ = {isa = PBXBuildFile; fileRef = 936ACB081E1D21E600D858FE /* Main.storyboard */; };
		936ACB0C1E1D21E600D858FE /* Assets.xcassets in Resources */ = {isa = PBXBuildFile; fileRef = 936ACB0B1E1D21E600D858FE /* Assets.xcassets */; };
		936ACB0F1E1D21E600D858FE /* LaunchScreen.storyboard in Resources */ = {isa = PBXBuildFile; fileRef = 936ACB0D1E1D21E600D858FE /* LaunchScreen.storyboard */; };
		936ACB1A1E1D21E600D858FE /* WYFlashButtonTests.m in Sources */ = {isa = PBXBuildFile; fileRef = 936ACB191E1D21E600D858FE /* WYFlashButtonTests.m */; };
		936ACB251E1D21E600D858FE /* WYFlashButtonUITests.m in Sources */ = {isa = PBXBuildFile; fileRef = 936ACB241E1D21E600D858FE /* WYFlashButtonUITests.m */; };
		936ACB351E1D227B00D858FE /* WYFlashButton.m in Sources */ = {isa = PBXBuildFile; fileRef = 936ACB341E1D227B00D858FE /* WYFlashButton.m */; };
		936ACB381E1DDD7D00D858FE /* UIColor+Delta.m in Sources */ = {isa = PBXBuildFile; fileRef = 936ACB371E1DDD7D00D858FE /* UIColor+Delta.m */; };
/* End PBXBuildFile section */

/* Begin PBXContainerItemProxy section */
		936ACB161E1D21E600D858FE /* PBXContainerItemProxy */ = {
			isa = PBXContainerItemProxy;
			containerPortal = 936ACAF41E1D21E600D858FE /* Project object */;
			proxyType = 1;
			remoteGlobalIDString = 936ACAFB1E1D21E600D858FE;
			remoteInfo = WYFlashButton;
		};
		936ACB211E1D21E600D858FE /* PBXContainerItemProxy */ = {
			isa = PBXContainerItemProxy;
			containerPortal = 936ACAF41E1D21E600D858FE /* Project object */;
			proxyType = 1;
			remoteGlobalIDString = 936ACAFB1E1D21E600D858FE;
			remoteInfo = WYFlashButton;
		};
/* End PBXContainerItemProxy section */

/* Begin PBXFileReference section */
		936ACAFC1E1D21E600D858FE /* WYFlashButton.app */ = {isa = PBXFileReference; explicitFileType = wrapper.application; includeInIndex = 0; path = WYFlashButton.app; sourceTree = BUILT_PRODUCTS_DIR; };
		936ACB001E1D21E600D858FE /* main.m */ = {isa = PBXFileReference; lastKnownFileType = sourcecode.c.objc; path = main.m; sourceTree = "<group>"; };
		936ACB021E1D21E600D858FE /* AppDelegate.h */ = {isa = PBXFileReference; lastKnownFileType = sourcecode.c.h; path = AppDelegate.h; sourceTree = "<group>"; };
		936ACB031E1D21E600D858FE /* AppDelegate.m */ = {isa = PBXFileReference; lastKnownFileType = sourcecode.c.objc; path = AppDelegate.m; sourceTree = "<group>"; };
		936ACB051E1D21E600D858FE /* ViewController.h */ = {isa = PBXFileReference; lastKnownFileType = sourcecode.c.h; path = ViewController.h; sourceTree = "<group>"; };
		936ACB061E1D21E600D858FE /* ViewController.m */ = {isa = PBXFileReference; lastKnownFileType = sourcecode.c.objc; path = ViewController.m; sourceTree = "<group>"; };
		936ACB091E1D21E600D858FE /* Base */ = {isa = PBXFileReference; lastKnownFileType = file.storyboard; name = Base; path = Base.lproj/Main.storyboard; sourceTree = "<group>"; };
		936ACB0B1E1D21E600D858FE /* Assets.xcassets */ = {isa = PBXFileReference; lastKnownFileType = folder.assetcatalog; path = Assets.xcassets; sourceTree = "<group>"; };
		936ACB0E1E1D21E600D858FE /* Base */ = {isa = PBXFileReference; lastKnownFileType = file.storyboard; name = Base; path = Base.lproj/LaunchScreen.storyboard; sourceTree = "<group>"; };
		936ACB101E1D21E600D858FE /* Info.plist */ = {isa = PBXFileReference; lastKnownFileType = text.plist.xml; path = Info.plist; sourceTree = "<group>"; };
		936ACB151E1D21E600D858FE /* WYFlashButtonTests.xctest */ = {isa = PBXFileReference; explicitFileType = wrapper.cfbundle; includeInIndex = 0; path = WYFlashButtonTests.xctest; sourceTree = BUILT_PRODUCTS_DIR; };
		936ACB191E1D21E600D858FE /* WYFlashButtonTests.m */ = {isa = PBXFileReference; lastKnownFileType = sourcecode.c.objc; path = WYFlashButtonTests.m; sourceTree = "<group>"; };
		936ACB1B1E1D21E600D858FE /* Info.plist */ = {isa = PBXFileReference; lastKnownFileType = text.plist.xml; path = Info.plist; sourceTree = "<group>"; };
		936ACB201E1D21E600D858FE /* WYFlashButtonUITests.xctest */ = {isa = PBXFileReference; explicitFileType = wrapper.cfbundle; includeInIndex = 0; path = WYFlashButtonUITests.xctest; sourceTree = BUILT_PRODUCTS_DIR; };
		936ACB241E1D21E600D858FE /* WYFlashButtonUITests.m */ = {isa = PBXFileReference; lastKnownFileType = sourcecode.c.objc; path = WYFlashButtonUITests.m; sourceTree = "<group>"; };
		936ACB261E1D21E600D858FE /* Info.plist */ = {isa = PBXFileReference; lastKnownFileType = text.plist.xml; path = Info.plist; sourceTree = "<group>"; };
		936ACB331E1D227B00D858FE /* WYFlashButton.h */ = {isa = PBXFileReference; fileEncoding = 4; lastKnownFileType = sourcecode.c.h; path = WYFlashButton.h; sourceTree = "<group>"; };
		936ACB341E1D227B00D858FE /* WYFlashButton.m */ = {isa = PBXFileReference; fileEncoding = 4; lastKnownFileType = sourcecode.c.objc; path = WYFlashButton.m; sourceTree = "<group>"; };
		936ACB361E1DDD7D00D858FE /* UIColor+Delta.h */ = {isa = PBXFileReference; fileEncoding = 4; lastKnownFileType = sourcecode.c.h; path = "UIColor+Delta.h"; sourceTree = "<group>"; };
		936ACB371E1DDD7D00D858FE /* UIColor+Delta.m */ = {isa = PBXFileReference; fileEncoding = 4; lastKnownFileType = sourcecode.c.objc; path = "UIColor+Delta.m"; sourceTree = "<group>"; };
/* End PBXFileReference section */

/* Begin PBXFrameworksBuildPhase section */
		936ACAF91E1D21E600D858FE /* Frameworks */ = {
			isa = PBXFrameworksBuildPhase;
			buildActionMask = 2147483647;
			files = (
			);
			runOnlyForDeploymentPostprocessing = 0;
		};
		936ACB121E1D21E600D858FE /* Frameworks */ = {
			isa = PBXFrameworksBuildPhase;
			buildActionMask = 2147483647;
			files = (
			);
			runOnlyForDeploymentPostprocessing = 0;
		};
		936ACB1D1E1D21E600D858FE /* Frameworks */ = {
			isa = PBXFrameworksBuildPhase;
			buildActionMask = 2147483647;
			files = (
			);
			runOnlyForDeploymentPostprocessing = 0;
		};
/* End PBXFrameworksBuildPhase section */

/* Begin PBXGroup section */
		936ACAF31E1D21E600D858FE = {
			isa = PBXGroup;
			children = (
				936ACAFE1E1D21E600D858FE /* WYFlashButton */,
				936ACB181E1D21E600D858FE /* WYFlashButtonTests */,
				936ACB231E1D21E600D858FE /* WYFlashButtonUITests */,
				936ACAFD1E1D21E600D858FE /* Products */,
			);
			sourceTree = "<group>";
		};
		936ACAFD1E1D21E600D858FE /* Products */ = {
			isa = PBXGroup;
			children = (
				936ACAFC1E1D21E600D858FE /* WYFlashButton.app */,
				936ACB151E1D21E600D858FE /* WYFlashButtonTests.xctest */,
				936ACB201E1D21E600D858FE /* WYFlashButtonUITests.xctest */,
			);
			name = Products;
			sourceTree = "<group>";
		};
		936ACAFE1E1D21E600D858FE /* WYFlashButton */ = {
			isa = PBXGroup;
			children = (
				936ACB321E1D221F00D858FE /* WYFlashButton */,
				936ACB021E1D21E600D858FE /* AppDelegate.h */,
				936ACB031E1D21E600D858FE /* AppDelegate.m */,
				936ACB051E1D21E600D858FE /* ViewController.h */,
				936ACB061E1D21E600D858FE /* ViewController.m */,
				936ACB081E1D21E600D858FE /* Main.storyboard */,
				936ACB0B1E1D21E600D858FE /* Assets.xcassets */,
				936ACB0D1E1D21E600D858FE /* LaunchScreen.storyboard */,
				936ACB101E1D21E600D858FE /* Info.plist */,
				936ACAFF1E1D21E600D858FE /* Supporting Files */,
			);
			path = WYFlashButton;
			sourceTree = "<group>";
		};
		936ACAFF1E1D21E600D858FE /* Supporting Files */ = {
			isa = PBXGroup;
			children = (
				936ACB001E1D21E600D858FE /* main.m */,
			);
			name = "Supporting Files";
			sourceTree = "<group>";
		};
		936ACB181E1D21E600D858FE /* WYFlashButtonTests */ = {
			isa = PBXGroup;
			children = (
				936ACB191E1D21E600D858FE /* WYFlashButtonTests.m */,
				936ACB1B1E1D21E600D858FE /* Info.plist */,
			);
			path = WYFlashButtonTests;
			sourceTree = "<group>";
		};
		936ACB231E1D21E600D858FE /* WYFlashButtonUITests */ = {
			isa = PBXGroup;
			children = (
				936ACB241E1D21E600D858FE /* WYFlashButtonUITests.m */,
				936ACB261E1D21E600D858FE /* Info.plist */,
			);
			path = WYFlashButtonUITests;
			sourceTree = "<group>";
		};
		936ACB321E1D221F00D858FE /* WYFlashButton */ = {
			isa = PBXGroup;
			children = (
				936ACB331E1D227B00D858FE /* WYFlashButton.h */,
				936ACB341E1D227B00D858FE /* WYFlashButton.m */,
				936ACB361E1DDD7D00D858FE /* UIColor+Delta.h */,
				936ACB371E1DDD7D00D858FE /* UIColor+Delta.m */,
			);
			path = WYFlashButton;
			sourceTree = "<group>";
		};
/* End PBXGroup section */

/* Begin PBXNativeTarget section */
		936ACAFB1E1D21E600D858FE /* WYFlashButton */ = {
			isa = PBXNativeTarget;
			buildConfigurationList = 936ACB291E1D21E600D858FE /* Build configuration list for PBXNativeTarget "WYFlashButton" */;
			buildPhases = (
				936ACAF81E1D21E600D858FE /* Sources */,
				936ACAF91E1D21E600D858FE /* Frameworks */,
				936ACAFA1E1D21E600D858FE /* Resources */,
			);
			buildRules = (
			);
			dependencies = (
			);
			name = WYFlashButton;
			productName = WYFlashButton;
			productReference = 936ACAFC1E1D21E600D858FE /* WYFlashButton.app */;
			productType = "com.apple.product-type.application";
		};
		936ACB141E1D21E600D858FE /* WYFlashButtonTests */ = {
			isa = PBXNativeTarget;
			buildConfigurationList = 936ACB2C1E1D21E600D858FE /* Build configuration list for PBXNativeTarget "WYFlashButtonTests" */;
			buildPhases = (
				936ACB111E1D21E600D858FE /* Sources */,
				936ACB121E1D21E600D858FE /* Frameworks */,
				936ACB131E1D21E600D858FE /* Resources */,
			);
			buildRules = (
			);
			dependencies = (
				936ACB171E1D21E600D858FE /* PBXTargetDependency */,
			);
			name = WYFlashButtonTests;
			productName = WYFlashButtonTests;
			productReference = 936ACB151E1D21E600D858FE /* WYFlashButtonTests.xctest */;
			productType = "com.apple.product-type.bundle.unit-test";
		};
		936ACB1F1E1D21E600D858FE /* WYFlashButtonUITests */ = {
			isa = PBXNativeTarget;
			buildConfigurationList = 936ACB2F1E1D21E600D858FE /* Build configuration list for PBXNativeTarget "WYFlashButtonUITests" */;
			buildPhases = (
				936ACB1C1E1D21E600D858FE /* Sources */,
				936ACB1D1E1D21E600D858FE /* Frameworks */,
				936ACB1E1E1D21E600D858FE /* Resources */,
			);
			buildRules = (
			);
			dependencies = (
				936ACB221E1D21E600D858FE /* PBXTargetDependency */,
			);
			name = WYFlashButtonUITests;
			productName = WYFlashButtonUITests;
			productReference = 936ACB201E1D21E600D858FE /* WYFlashButtonUITests.xctest */;
			productType = "com.apple.product-type.bundle.ui-testing";
		};
/* End PBXNativeTarget section */

/* Begin PBXProject section */
		936ACAF41E1D21E600D858FE /* Project object */ = {
			isa = PBXProject;
			attributes = {
				LastUpgradeCheck = 0820;
				ORGANIZATIONNAME = "wyan assert";
				TargetAttributes = {
					936ACAFB1E1D21E600D858FE = {
						CreatedOnToolsVersion = 8.2;
						ProvisioningStyle = Automatic;
					};
					936ACB141E1D21E600D858FE = {
						CreatedOnToolsVersion = 8.2;
						ProvisioningStyle = Automatic;
						TestTargetID = 936ACAFB1E1D21E600D858FE;
					};
					936ACB1F1E1D21E600D858FE = {
						CreatedOnToolsVersion = 8.2;
						ProvisioningStyle = Automatic;
						TestTargetID = 936ACAFB1E1D21E600D858FE;
					};
				};
			};
			buildConfigurationList = 936ACAF71E1D21E600D858FE /* Build configuration list for PBXProject "WYFlashButton" */;
			compatibilityVersion = "Xcode 3.2";
			developmentRegion = English;
			hasScannedForEncodings = 0;
			knownRegions = (
				en,
				Base,
			);
			mainGroup = 936ACAF31E1D21E600D858FE;
			productRefGroup = 936ACAFD1E1D21E600D858FE /* Products */;
			projectDirPath = "";
			projectRoot = "";
			targets = (
				936ACAFB1E1D21E600D858FE /* WYFlashButton */,
				936ACB141E1D21E600D858FE /* WYFlashButtonTests */,
				936ACB1F1E1D21E600D858FE /* WYFlashButtonUITests */,
			);
		};
/* End PBXProject section */

/* Begin PBXResourcesBuildPhase section */
		936ACAFA1E1D21E600D858FE /* Resources */ = {
			isa = PBXResourcesBuildPhase;
			buildActionMask = 2147483647;
			files = (
				936ACB0F1E1D21E600D858FE /* LaunchScreen.storyboard in Resources */,
				936ACB0C1E1D21E600D858FE /* Assets.xcassets in Resources */,
				936ACB0A1E1D21E600D858FE /* Main.storyboard in Resources */,
			);
			runOnlyForDeploymentPostprocessing = 0;
		};
		936ACB131E1D21E600D858FE /* Resources */ = {
			isa = PBXResourcesBuildPhase;
			buildActionMask = 2147483647;
			files = (
			);
			runOnlyForDeploymentPostprocessing = 0;
		};
		936ACB1E1E1D21E600D858FE /* Resources */ = {
			isa = PBXResourcesBuildPhase;
			buildActionMask = 2147483647;
			files = (
			);
			runOnlyForDeploymentPostprocessing = 0;
		};
/* End PBXResourcesBuildPhase section */

/* Begin PBXSourcesBuildPhase section */
		936ACAF81E1D21E600D858FE /* Sources */ = {
			isa = PBXSourcesBuildPhase;
			buildActionMask = 2147483647;
			files = (
				936ACB351E1D227B00D858FE /* WYFlashButton.m in Sources */,
				936ACB071E1D21E600D858FE /* ViewController.m in Sources */,
				936ACB381E1DDD7D00D858FE /* UIColor+Delta.m in Sources */,
				936ACB041E1D21E600D858FE /* AppDelegate.m in Sources */,
				936ACB011E1D21E600D858FE /* main.m in Sources */,
			);
			runOnlyForDeploymentPostprocessing = 0;
		};
		936ACB111E1D21E600D858FE /* Sources */ = {
			isa = PBXSourcesBuildPhase;
			buildActionMask = 2147483647;
			files = (
				936ACB1A1E1D21E600D858FE /* WYFlashButtonTests.m in Sources */,
			);
			runOnlyForDeploymentPostprocessing = 0;
		};
		936ACB1C1E1D21E600D858FE /* Sources */ = {
			isa = PBXSourcesBuildPhase;
			buildActionMask = 2147483647;
			files = (
				936ACB251E1D21E600D858FE /* WYFlashButtonUITests.m in Sources */,
			);
			runOnlyForDeploymentPostprocessing = 0;
		};
/* End PBXSourcesBuildPhase section */

/* Begin PBXTargetDependency section */
		936ACB171E1D21E600D858FE /* PBXTargetDependency */ = {
			isa = PBXTargetDependency;
			target = 936ACAFB1E1D21E600D858FE /* WYFlashButton */;
			targetProxy = 936ACB161E1D21E600D858FE /* PBXContainerItemProxy */;
		};
		936ACB221E1D21E600D858FE /* PBXTargetDependency */ = {
			isa = PBXTargetDependency;
			target = 936ACAFB1E1D21E600D858FE /* WYFlashButton */;
			targetProxy = 936ACB211E1D21E600D858FE /* PBXContainerItemProxy */;
		};
/* End PBXTargetDependency section */

/* Begin PBXVariantGroup section */
		936ACB081E1D21E600D858FE /* Main.storyboard */ = {
			isa = PBXVariantGroup;
			children = (
				936ACB091E1D21E600D858FE /* Base */,
			);
			name = Main.storyboard;
			sourceTree = "<group>";
		};
		936ACB0D1E1D21E600D858FE /* LaunchScreen.storyboard */ = {
			isa = PBXVariantGroup;
			children = (
				936ACB0E1E1D21E600D858FE /* Base */,
			);
			name = LaunchScreen.storyboard;
			sourceTree = "<group>";
		};
/* End PBXVariantGroup section */

/* Begin XCBuildConfiguration section */
		936ACB271E1D21E600D858FE /* Debug */ = {
			isa = XCBuildConfiguration;
			buildSettings = {
				ALWAYS_SEARCH_USER_PATHS = NO;
				CLANG_ANALYZER_NONNULL = YES;
				CLANG_CXX_LANGUAGE_STANDARD = "gnu++0x";
				CLANG_CXX_LIBRARY = "libc++";
				CLANG_ENABLE_MODULES = YES;
				CLANG_ENABLE_OBJC_ARC = YES;
				CLANG_WARN_BOOL_CONVERSION = YES;
				CLANG_WARN_CONSTANT_CONVERSION = YES;
				CLANG_WARN_DIRECT_OBJC_ISA_USAGE = YES_ERROR;
				CLANG_WARN_DOCUMENTATION_COMMENTS = YES;
				CLANG_WARN_EMPTY_BODY = YES;
				CLANG_WARN_ENUM_CONVERSION = YES;
				CLANG_WARN_INFINITE_RECURSION = YES;
				CLANG_WARN_INT_CONVERSION = YES;
				CLANG_WARN_OBJC_ROOT_CLASS = YES_ERROR;
				CLANG_WARN_SUSPICIOUS_MOVE = YES;
				CLANG_WARN_UNREACHABLE_CODE = YES;
				CLANG_WARN__DUPLICATE_METHOD_MATCH = YES;
				"CODE_SIGN_IDENTITY[sdk=iphoneos*]" = "iPhone Developer";
				COPY_PHASE_STRIP = NO;
				DEBUG_INFORMATION_FORMAT = dwarf;
				ENABLE_STRICT_OBJC_MSGSEND = YES;
				ENABLE_TESTABILITY = YES;
				GCC_C_LANGUAGE_STANDARD = gnu99;
				GCC_DYNAMIC_NO_PIC = NO;
				GCC_NO_COMMON_BLOCKS = YES;
				GCC_OPTIMIZATION_LEVEL = 0;
				GCC_PREPROCESSOR_DEFINITIONS = (
					"DEBUG=1",
					"$(inherited)",
				);
				GCC_WARN_64_TO_32_BIT_CONVERSION = YES;
				GCC_WARN_ABOUT_RETURN_TYPE = YES_ERROR;
				GCC_WARN_UNDECLARED_SELECTOR = YES;
				GCC_WARN_UNINITIALIZED_AUTOS = YES_AGGRESSIVE;
				GCC_WARN_UNUSED_FUNCTION = YES;
				GCC_WARN_UNUSED_VARIABLE = YES;
				IPHONEOS_DEPLOYMENT_TARGET = 10.2;
				MTL_ENABLE_DEBUG_INFO = YES;
				ONLY_ACTIVE_ARCH = YES;
				SDKROOT = iphoneos;
				TARGETED_DEVICE_FAMILY = "1,2";
			};
			name = Debug;
		};
		936ACB281E1D21E600D858FE /* Release */ = {
			isa = XCBuildConfiguration;
			buildSettings = {
				ALWAYS_SEARCH_USER_PATHS = NO;
				CLANG_ANALYZER_NONNULL = YES;
				CLANG_CXX_LANGUAGE_STANDARD = "gnu++0x";
				CLANG_CXX_LIBRARY = "libc++";
				CLANG_ENABLE_MODULES = YES;
				CLANG_ENABLE_OBJC_ARC = YES;
				CLANG_WARN_BOOL_CONVERSION = YES;
				CLANG_WARN_CONSTANT_CONVERSION = YES;
				CLANG_WARN_DIRECT_OBJC_ISA_USAGE = YES_ERROR;
				CLANG_WARN_DOCUMENTATION_COMMENTS = YES;
				CLANG_WARN_EMPTY_BODY = YES;
				CLANG_WARN_ENUM_CONVERSION = YES;
				CLANG_WARN_INFINITE_RECURSION = YES;
				CLANG_WARN_INT_CONVERSION = YES;
				CLANG_WARN_OBJC_ROOT_CLASS = YES_ERROR;
				CLANG_WARN_SUSPICIOUS_MOVE = YES;
				CLANG_WARN_UNREACHABLE_CODE = YES;
				CLANG_WARN__DUPLICATE_METHOD_MATCH = YES;
				"CODE_SIGN_IDENTITY[sdk=iphoneos*]" = "iPhone Developer";
				COPY_PHASE_STRIP = NO;
				DEBUG_INFORMATION_FORMAT = "dwarf-with-dsym";
				ENABLE_NS_ASSERTIONS = NO;
				ENABLE_STRICT_OBJC_MSGSEND = YES;
				GCC_C_LANGUAGE_STANDARD = gnu99;
				GCC_NO_COMMON_BLOCKS = YES;
				GCC_WARN_64_TO_32_BIT_CONVERSION = YES;
				GCC_WARN_ABOUT_RETURN_TYPE = YES_ERROR;
				GCC_WARN_UNDECLARED_SELECTOR = YES;
				GCC_WARN_UNINITIALIZED_AUTOS = YES_AGGRESSIVE;
				GCC_WARN_UNUSED_FUNCTION = YES;
				GCC_WARN_UNUSED_VARIABLE = YES;
				IPHONEOS_DEPLOYMENT_TARGET = 10.2;
				MTL_ENABLE_DEBUG_INFO = NO;
				SDKROOT = iphoneos;
				TARGETED_DEVICE_FAMILY = "1,2";
				VALIDATE_PRODUCT = YES;
			};
			name = Release;
		};
		936ACB2A1E1D21E600D858FE /* Debug */ = {
			isa = XCBuildConfiguration;
			buildSettings = {
				ASSETCATALOG_COMPILER_APPICON_NAME = AppIcon;
				INFOPLIST_FILE = WYFlashButton/Info.plist;
				LD_RUNPATH_SEARCH_PATHS = "$(inherited) @executable_path/Frameworks";
				PRODUCT_BUNDLE_IDENTIFIER = wyan.pinssible.com.WYFlashButton;
				PRODUCT_NAME = "$(TARGET_NAME)";
			};
			name = Debug;
		};
		936ACB2B1E1D21E600D858FE /* Release */ = {
			isa = XCBuildConfiguration;
			buildSettings = {
				ASSETCATALOG_COMPILER_APPICON_NAME = AppIcon;
				INFOPLIST_FILE = WYFlashButton/Info.plist;
				LD_RUNPATH_SEARCH_PATHS = "$(inherited) @executable_path/Frameworks";
				PRODUCT_BUNDLE_IDENTIFIER = wyan.pinssible.com.WYFlashButton;
				PRODUCT_NAME = "$(TARGET_NAME)";
			};
			name = Release;
		};
		936ACB2D1E1D21E600D858FE /* Debug */ = {
			isa = XCBuildConfiguration;
			buildSettings = {
				BUNDLE_LOADER = "$(TEST_HOST)";
				INFOPLIST_FILE = WYFlashButtonTests/Info.plist;
				LD_RUNPATH_SEARCH_PATHS = "$(inherited) @executable_path/Frameworks @loader_path/Frameworks";
				PRODUCT_BUNDLE_IDENTIFIER = wyan.pinssible.com.WYFlashButtonTests;
				PRODUCT_NAME = "$(TARGET_NAME)";
				TEST_HOST = "$(BUILT_PRODUCTS_DIR)/WYFlashButton.app/WYFlashButton";
			};
			name = Debug;
		};
		936ACB2E1E1D21E600D858FE /* Release */ = {
			isa = XCBuildConfiguration;
			buildSettings = {
				BUNDLE_LOADER = "$(TEST_HOST)";
				INFOPLIST_FILE = WYFlashButtonTests/Info.plist;
				LD_RUNPATH_SEARCH_PATHS = "$(inherited) @executable_path/Frameworks @loader_path/Frameworks";
				PRODUCT_BUNDLE_IDENTIFIER = wyan.pinssible.com.WYFlashButtonTests;
				PRODUCT_NAME = "$(TARGET_NAME)";
				TEST_HOST = "$(BUILT_PRODUCTS_DIR)/WYFlashButton.app/WYFlashButton";
			};
			name = Release;
		};
		936ACB301E1D21E600D858FE /* Debug */ = {
			isa = XCBuildConfiguration;
			buildSettings = {
				INFOPLIST_FILE = WYFlashButtonUITests/Info.plist;
				LD_RUNPATH_SEARCH_PATHS = "$(inherited) @executable_path/Frameworks @loader_path/Frameworks";
				PRODUCT_BUNDLE_IDENTIFIER = wyan.pinssible.com.WYFlashButtonUITests;
				PRODUCT_NAME = "$(TARGET_NAME)";
				TEST_TARGET_NAME = WYFlashButton;
			};
			name = Debug;
		};
		936ACB311E1D21E600D858FE /* Release */ = {
			isa = XCBuildConfiguration;
			buildSettings = {
				INFOPLIST_FILE = WYFlashButtonUITests/Info.plist;
				LD_RUNPATH_SEARCH_PATHS = "$(inherited) @executable_path/Frameworks @loader_path/Frameworks";
				PRODUCT_BUNDLE_IDENTIFIER = wyan.pinssible.com.WYFlashButtonUITests;
				PRODUCT_NAME = "$(TARGET_NAME)";
				TEST_TARGET_NAME = WYFlashButton;
			};
			name = Release;
		};
/* End XCBuildConfiguration section */

/* Begin XCConfigurationList section */
		936ACAF71E1D21E600D858FE /* Build configuration list for PBXProject "WYFlashButton" */ = {
			isa = XCConfigurationList;
			buildConfigurations = (
				936ACB271E1D21E600D858FE /* Debug */,
				936ACB281E1D21E600D858FE /* Release */,
			);
			defaultConfigurationIsVisible = 0;
			defaultConfigurationName = Release;
		};
		936ACB291E1D21E600D858FE /* Build configuration list for PBXNativeTarget "WYFlashButton" */ = {
			isa = XCConfigurationList;
			buildConfigurations = (
				936ACB2A1E1D21E600D858FE /* Debug */,
				936ACB2B1E1D21E600D858FE /* Release */,
			);
			defaultConfigurationIsVisible = 0;
			defaultConfigurationName = Release;
		};
		936ACB2C1E1D21E600D858FE /* Build configuration list for PBXNativeTarget "WYFlashButtonTests" */ = {
			isa = XCConfigurationList;
			buildConfigurations = (
				936ACB2D1E1D21E600D858FE /* Debug */,
				936ACB2E1E1D21E600D858FE /* Release */,
			);
			defaultConfigurationIsVisible = 0;
			defaultConfigurationName = Release;
		};
		936ACB2F1E1D21E600D858FE /* Build configuration list for PBXNativeTarget "WYFlashButtonUITests" */ = {
			isa = XCConfigurationList;
			buildConfigurations = (
				936ACB301E1D21E600D858FE /* Debug */,
				936ACB311E1D21E600D858FE /* Release */,
			);
			defaultConfigurationIsVisible = 0;
			defaultConfigurationName = Release;
		};
/* End XCConfigurationList section */
	};
	rootObject = 936ACAF41E1D21E600D858FE /* Project object */;
}
